// !$*UTF8*$!
{
	archiveVersion = 1;
	classes = {
	};
	objectVersion = 46;
	objects = {

/* Begin PBXBuildFile section */
		092435FF160939E10024F731 /* vinci_mask.png in Resources */ = {isa = PBXBuildFile; fileRef = 092435FC160939E10024F731 /* vinci_mask.png */; };
		09243600160939E10024F731 /* vinci_mask.png in Resources */ = {isa = PBXBuildFile; fileRef = 092435FC160939E10024F731 /* vinci_mask.png */; };
		09243601160939E10024F731 /* vinci_src.png in Resources */ = {isa = PBXBuildFile; fileRef = 092435FD160939E10024F731 /* vinci_src.png */; };
		09243602160939E10024F731 /* vinci_src.png in Resources */ = {isa = PBXBuildFile; fileRef = 092435FD160939E10024F731 /* vinci_src.png */; };
		09243603160939E10024F731 /* vinci_target.png in Resources */ = {isa = PBXBuildFile; fileRef = 092435FE160939E10024F731 /* vinci_target.png */; };
		09243604160939E10024F731 /* vinci_target.png in Resources */ = {isa = PBXBuildFile; fileRef = 092435FE160939E10024F731 /* vinci_target.png */; };
		0924360716093A260024F731 /* BCBlenderRapper.mm in Sources */ = {isa = PBXBuildFile; fileRef = 0924360616093A260024F731 /* BCBlenderRapper.mm */; };
		092436501609AD450024F731 /* Eigen in Resources */ = {isa = PBXBuildFile; fileRef = 0924364F1609AD450024F731 /* Eigen */; };
		092436531609AF110024F731 /* Blender.cpp in Sources */ = {isa = PBXBuildFile; fileRef = 092436511609AF110024F731 /* Blender.cpp */; };
		09243657160B73470024F731 /* BCCaptureViewController.m in Sources */ = {isa = PBXBuildFile; fileRef = 09243655160B73450024F731 /* BCCaptureViewController.m */; };
		09243658160B73470024F731 /* BCCaptureViewController.xib in Resources */ = {isa = PBXBuildFile; fileRef = 09243656160B73460024F731 /* BCCaptureViewController.xib */; };
		0924365F160BEEE70024F731 /* BCConfirmViewController.m in Sources */ = {isa = PBXBuildFile; fileRef = 0924365D160BEEE70024F731 /* BCConfirmViewController.m */; };
		09243660160BEEE70024F731 /* BCConfirmViewController.xib in Resources */ = {isa = PBXBuildFile; fileRef = 0924365E160BEEE70024F731 /* BCConfirmViewController.xib */; };
		09243669160C162D0024F731 /* BCImageSelectionViewController.m in Sources */ = {isa = PBXBuildFile; fileRef = 09243667160C162D0024F731 /* BCImageSelectionViewController.m */; };
		0924366A160C162D0024F731 /* BCImageSelectionViewController.xib in Resources */ = {isa = PBXBuildFile; fileRef = 09243668160C162D0024F731 /* BCImageSelectionViewController.xib */; };
		0924366C160C226B0024F731 /* red-arrow.png in Resources */ = {isa = PBXBuildFile; fileRef = 0924366B160C226B0024F731 /* red-arrow.png */; };
		09243670160C319D0024F731 /* BCPartsPickerController.m in Sources */ = {isa = PBXBuildFile; fileRef = 0924366E160C319D0024F731 /* BCPartsPickerController.m */; };
		09243671160C319D0024F731 /* BCPartsPickerController.xib in Resources */ = {isa = PBXBuildFile; fileRef = 0924366F160C319D0024F731 /* BCPartsPickerController.xib */; };
		09243675160C37680024F731 /* BCPathView.m in Sources */ = {isa = PBXBuildFile; fileRef = 09243674160C37680024F731 /* BCPathView.m */; };
		096969C51607298D00DEB522 /* BCRealTimeProcessingViewController.mm in Sources */ = {isa = PBXBuildFile; fileRef = 096969C31607298D00DEB522 /* BCRealTimeProcessingViewController.mm */; };
		096969C61607298D00DEB522 /* BCRealTimeProcessingViewController.xib in Resources */ = {isa = PBXBuildFile; fileRef = 096969C41607298D00DEB522 /* BCRealTimeProcessingViewController.xib */; };
		096969C816072CE100DEB522 /* Accelerate.framework in Frameworks */ = {isa = PBXBuildFile; fileRef = 096969C716072CE100DEB522 /* Accelerate.framework */; };
		096969CA16072CE900DEB522 /* AssetsLibrary.framework in Frameworks */ = {isa = PBXBuildFile; fileRef = 096969C916072CE900DEB522 /* AssetsLibrary.framework */; };
		096969CC16072CF000DEB522 /* AVFoundation.framework in Frameworks */ = {isa = PBXBuildFile; fileRef = 096969CB16072CF000DEB522 /* AVFoundation.framework */; };
		096969CE16072CFB00DEB522 /* CoreImage.framework in Frameworks */ = {isa = PBXBuildFile; fileRef = 096969CD16072CFB00DEB522 /* CoreImage.framework */; };
		096969D016072D0300DEB522 /* CoreMedia.framework in Frameworks */ = {isa = PBXBuildFile; fileRef = 096969CF16072D0300DEB522 /* CoreMedia.framework */; };
		096969D216072D0D00DEB522 /* CoreVideo.framework in Frameworks */ = {isa = PBXBuildFile; fileRef = 096969D116072D0D00DEB522 /* CoreVideo.framework */; };
		096969D416072D1500DEB522 /* QuartzCore.framework in Frameworks */ = {isa = PBXBuildFile; fileRef = 096969D316072D1500DEB522 /* QuartzCore.framework */; };
		9A8E2F391605E25400391C57 /* UIKit.framework in Frameworks */ = {isa = PBXBuildFile; fileRef = 9A8E2F381605E25400391C57 /* UIKit.framework */; };
		9A8E2F3B1605E25400391C57 /* Foundation.framework in Frameworks */ = {isa = PBXBuildFile; fileRef = 9A8E2F3A1605E25400391C57 /* Foundation.framework */; };
		9A8E2F3D1605E25400391C57 /* CoreGraphics.framework in Frameworks */ = {isa = PBXBuildFile; fileRef = 9A8E2F3C1605E25400391C57 /* CoreGraphics.framework */; };
		9A8E2F431605E25400391C57 /* InfoPlist.strings in Resources */ = {isa = PBXBuildFile; fileRef = 9A8E2F411605E25400391C57 /* InfoPlist.strings */; };
		9A8E2F451605E25400391C57 /* main.m in Sources */ = {isa = PBXBuildFile; fileRef = 9A8E2F441605E25400391C57 /* main.m */; };
		9A8E2F491605E25400391C57 /* BCAppDelegate.m in Sources */ = {isa = PBXBuildFile; fileRef = 9A8E2F481605E25400391C57 /* BCAppDelegate.m */; };
		9A8E2F4C1605E25400391C57 /* BCViewController.m in Sources */ = {isa = PBXBuildFile; fileRef = 9A8E2F4B1605E25400391C57 /* BCViewController.m */; };
		9A8E2F4F1605E25400391C57 /* BCViewController.xib in Resources */ = {isa = PBXBuildFile; fileRef = 9A8E2F4D1605E25400391C57 /* BCViewController.xib */; };
		9A8E2F571605E25400391C57 /* SenTestingKit.framework in Frameworks */ = {isa = PBXBuildFile; fileRef = 9A8E2F561605E25400391C57 /* SenTestingKit.framework */; };
		9A8E2F581605E25400391C57 /* UIKit.framework in Frameworks */ = {isa = PBXBuildFile; fileRef = 9A8E2F381605E25400391C57 /* UIKit.framework */; };
		9A8E2F591605E25400391C57 /* Foundation.framework in Frameworks */ = {isa = PBXBuildFile; fileRef = 9A8E2F3A1605E25400391C57 /* Foundation.framework */; };
		9A8E2F611605E25400391C57 /* InfoPlist.strings in Resources */ = {isa = PBXBuildFile; fileRef = 9A8E2F5F1605E25400391C57 /* InfoPlist.strings */; };
		9A8E2F641605E25400391C57 /* BlendingCameraTests.m in Sources */ = {isa = PBXBuildFile; fileRef = 9A8E2F631605E25400391C57 /* BlendingCameraTests.m */; };
		9A8E2F6E1605E9B200391C57 /* opencv2.framework in Frameworks */ = {isa = PBXBuildFile; fileRef = 9A8E2F6D1605E9B200391C57 /* opencv2.framework */; };
		9A8E2F79160620F700391C57 /* BCImageConverter.m in Sources */ = {isa = PBXBuildFile; fileRef = 9A8E2F78160620F700391C57 /* BCImageConverter.m */; };
/* End PBXBuildFile section */

/* Begin PBXContainerItemProxy section */
		9A8E2F5A1605E25400391C57 /* PBXContainerItemProxy */ = {
			isa = PBXContainerItemProxy;
			containerPortal = 9A8E2F2B1605E25400391C57 /* Project object */;
			proxyType = 1;
			remoteGlobalIDString = 9A8E2F331605E25400391C57;
			remoteInfo = BlendingCamera;
		};
/* End PBXContainerItemProxy section */

/* Begin PBXFileReference section */
		092435FC160939E10024F731 /* vinci_mask.png */ = {isa = PBXFileReference; lastKnownFileType = image.png; path = vinci_mask.png; sourceTree = "<group>"; };
		092435FD160939E10024F731 /* vinci_src.png */ = {isa = PBXFileReference; lastKnownFileType = image.png; path = vinci_src.png; sourceTree = "<group>"; };
		092435FE160939E10024F731 /* vinci_target.png */ = {isa = PBXFileReference; lastKnownFileType = image.png; path = vinci_target.png; sourceTree = "<group>"; };
		0924360516093A260024F731 /* BCBlenderRapper.h */ = {isa = PBXFileReference; fileEncoding = 4; lastKnownFileType = sourcecode.c.h; path = BCBlenderRapper.h; sourceTree = "<group>"; };
		0924360616093A260024F731 /* BCBlenderRapper.mm */ = {isa = PBXFileReference; fileEncoding = 4; lastKnownFileType = sourcecode.cpp.objcpp; path = BCBlenderRapper.mm; sourceTree = "<group>"; };
		0924364F1609AD450024F731 /* Eigen */ = {isa = PBXFileReference; lastKnownFileType = folder; path = Eigen; sourceTree = "<group>"; };
		092436511609AF110024F731 /* Blender.cpp */ = {isa = PBXFileReference; fileEncoding = 4; lastKnownFileType = sourcecode.cpp.cpp; path = Blender.cpp; sourceTree = "<group>"; };
		092436521609AF110024F731 /* Blender.h */ = {isa = PBXFileReference; fileEncoding = 4; lastKnownFileType = sourcecode.c.h; path = Blender.h; sourceTree = "<group>"; };
		09243654160B73440024F731 /* BCCaptureViewController.h */ = {isa = PBXFileReference; fileEncoding = 4; lastKnownFileType = sourcecode.c.h; path = BCCaptureViewController.h; sourceTree = "<group>"; };
		09243655160B73450024F731 /* BCCaptureViewController.m */ = {isa = PBXFileReference; fileEncoding = 4; lastKnownFileType = sourcecode.c.objc; path = BCCaptureViewController.m; sourceTree = "<group>"; };
		09243656160B73460024F731 /* BCCaptureViewController.xib */ = {isa = PBXFileReference; fileEncoding = 4; lastKnownFileType = file.xib; path = BCCaptureViewController.xib; sourceTree = "<group>"; };
		0924365C160BEEE70024F731 /* BCConfirmViewController.h */ = {isa = PBXFileReference; fileEncoding = 4; lastKnownFileType = sourcecode.c.h; path = BCConfirmViewController.h; sourceTree = "<group>"; };
		0924365D160BEEE70024F731 /* BCConfirmViewController.m */ = {isa = PBXFileReference; fileEncoding = 4; lastKnownFileType = sourcecode.c.objc; path = BCConfirmViewController.m; sourceTree = "<group>"; };
		0924365E160BEEE70024F731 /* BCConfirmViewController.xib */ = {isa = PBXFileReference; fileEncoding = 4; lastKnownFileType = file.xib; path = BCConfirmViewController.xib; sourceTree = "<group>"; };
		09243666160C162D0024F731 /* BCImageSelectionViewController.h */ = {isa = PBXFileReference; fileEncoding = 4; lastKnownFileType = sourcecode.c.h; path = BCImageSelectionViewController.h; sourceTree = "<group>"; };
		09243667160C162D0024F731 /* BCImageSelectionViewController.m */ = {isa = PBXFileReference; fileEncoding = 4; lastKnownFileType = sourcecode.c.objc; path = BCImageSelectionViewController.m; sourceTree = "<group>"; };
		09243668160C162D0024F731 /* BCImageSelectionViewController.xib */ = {isa = PBXFileReference; fileEncoding = 4; lastKnownFileType = file.xib; path = BCImageSelectionViewController.xib; sourceTree = "<group>"; };
		0924366B160C226B0024F731 /* red-arrow.png */ = {isa = PBXFileReference; lastKnownFileType = image.png; path = "red-arrow.png"; sourceTree = "<group>"; };
		0924366D160C319D0024F731 /* BCPartsPickerController.h */ = {isa = PBXFileReference; fileEncoding = 4; lastKnownFileType = sourcecode.c.h; path = BCPartsPickerController.h; sourceTree = "<group>"; };
		0924366E160C319D0024F731 /* BCPartsPickerController.m */ = {isa = PBXFileReference; fileEncoding = 4; lastKnownFileType = sourcecode.c.objc; path = BCPartsPickerController.m; sourceTree = "<group>"; };
		0924366F160C319D0024F731 /* BCPartsPickerController.xib */ = {isa = PBXFileReference; fileEncoding = 4; lastKnownFileType = file.xib; path = BCPartsPickerController.xib; sourceTree = "<group>"; };
		09243673160C37680024F731 /* BCPathView.h */ = {isa = PBXFileReference; fileEncoding = 4; lastKnownFileType = sourcecode.c.h; path = BCPathView.h; sourceTree = "<group>"; };
		09243674160C37680024F731 /* BCPathView.m */ = {isa = PBXFileReference; fileEncoding = 4; lastKnownFileType = sourcecode.c.objc; path = BCPathView.m; sourceTree = "<group>"; };
		096969C21607298D00DEB522 /* BCRealTimeProcessingViewController.h */ = {isa = PBXFileReference; fileEncoding = 4; lastKnownFileType = sourcecode.c.h; path = BCRealTimeProcessingViewController.h; sourceTree = "<group>"; };
		096969C31607298D00DEB522 /* BCRealTimeProcessingViewController.mm */ = {isa = PBXFileReference; fileEncoding = 4; lastKnownFileType = sourcecode.cpp.objcpp; path = BCRealTimeProcessingViewController.mm; sourceTree = "<group>"; };
		096969C41607298D00DEB522 /* BCRealTimeProcessingViewController.xib */ = {isa = PBXFileReference; fileEncoding = 4; lastKnownFileType = file.xib; path = BCRealTimeProcessingViewController.xib; sourceTree = "<group>"; };
		096969C716072CE100DEB522 /* Accelerate.framework */ = {isa = PBXFileReference; lastKnownFileType = wrapper.framework; name = Accelerate.framework; path = System/Library/Frameworks/Accelerate.framework; sourceTree = SDKROOT; };
		096969C916072CE900DEB522 /* AssetsLibrary.framework */ = {isa = PBXFileReference; lastKnownFileType = wrapper.framework; name = AssetsLibrary.framework; path = System/Library/Frameworks/AssetsLibrary.framework; sourceTree = SDKROOT; };
		096969CB16072CF000DEB522 /* AVFoundation.framework */ = {isa = PBXFileReference; lastKnownFileType = wrapper.framework; name = AVFoundation.framework; path = System/Library/Frameworks/AVFoundation.framework; sourceTree = SDKROOT; };
		096969CD16072CFB00DEB522 /* CoreImage.framework */ = {isa = PBXFileReference; lastKnownFileType = wrapper.framework; name = CoreImage.framework; path = System/Library/Frameworks/CoreImage.framework; sourceTree = SDKROOT; };
		096969CF16072D0300DEB522 /* CoreMedia.framework */ = {isa = PBXFileReference; lastKnownFileType = wrapper.framework; name = CoreMedia.framework; path = System/Library/Frameworks/CoreMedia.framework; sourceTree = SDKROOT; };
		096969D116072D0D00DEB522 /* CoreVideo.framework */ = {isa = PBXFileReference; lastKnownFileType = wrapper.framework; name = CoreVideo.framework; path = System/Library/Frameworks/CoreVideo.framework; sourceTree = SDKROOT; };
		096969D316072D1500DEB522 /* QuartzCore.framework */ = {isa = PBXFileReference; lastKnownFileType = wrapper.framework; name = QuartzCore.framework; path = System/Library/Frameworks/QuartzCore.framework; sourceTree = SDKROOT; };
		9A8E2F341605E25400391C57 /* BlendingCamera.app */ = {isa = PBXFileReference; explicitFileType = wrapper.application; includeInIndex = 0; path = BlendingCamera.app; sourceTree = BUILT_PRODUCTS_DIR; };
		9A8E2F381605E25400391C57 /* UIKit.framework */ = {isa = PBXFileReference; lastKnownFileType = wrapper.framework; name = UIKit.framework; path = System/Library/Frameworks/UIKit.framework; sourceTree = SDKROOT; };
		9A8E2F3A1605E25400391C57 /* Foundation.framework */ = {isa = PBXFileReference; lastKnownFileType = wrapper.framework; name = Foundation.framework; path = System/Library/Frameworks/Foundation.framework; sourceTree = SDKROOT; };
		9A8E2F3C1605E25400391C57 /* CoreGraphics.framework */ = {isa = PBXFileReference; lastKnownFileType = wrapper.framework; name = CoreGraphics.framework; path = System/Library/Frameworks/CoreGraphics.framework; sourceTree = SDKROOT; };
		9A8E2F401605E25400391C57 /* BlendingCamera-Info.plist */ = {isa = PBXFileReference; lastKnownFileType = text.plist.xml; path = "BlendingCamera-Info.plist"; sourceTree = "<group>"; };
		9A8E2F421605E25400391C57 /* en */ = {isa = PBXFileReference; lastKnownFileType = text.plist.strings; name = en; path = en.lproj/InfoPlist.strings; sourceTree = "<group>"; };
		9A8E2F441605E25400391C57 /* main.m */ = {isa = PBXFileReference; lastKnownFileType = sourcecode.c.objc; path = main.m; sourceTree = "<group>"; };
		9A8E2F461605E25400391C57 /* BlendingCamera-Prefix.pch */ = {isa = PBXFileReference; lastKnownFileType = sourcecode.c.h; path = "BlendingCamera-Prefix.pch"; sourceTree = "<group>"; };
		9A8E2F471605E25400391C57 /* BCAppDelegate.h */ = {isa = PBXFileReference; lastKnownFileType = sourcecode.c.h; path = BCAppDelegate.h; sourceTree = "<group>"; };
		9A8E2F481605E25400391C57 /* BCAppDelegate.m */ = {isa = PBXFileReference; lastKnownFileType = sourcecode.c.objc; path = BCAppDelegate.m; sourceTree = "<group>"; };
		9A8E2F4A1605E25400391C57 /* BCViewController.h */ = {isa = PBXFileReference; lastKnownFileType = sourcecode.c.h; path = BCViewController.h; sourceTree = "<group>"; };
		9A8E2F4B1605E25400391C57 /* BCViewController.m */ = {isa = PBXFileReference; lastKnownFileType = sourcecode.c.objc; path = BCViewController.m; sourceTree = "<group>"; };
		9A8E2F4E1605E25400391C57 /* en */ = {isa = PBXFileReference; lastKnownFileType = file.xib; name = en; path = en.lproj/BCViewController.xib; sourceTree = "<group>"; };
		9A8E2F551605E25400391C57 /* BlendingCameraTests.octest */ = {isa = PBXFileReference; explicitFileType = wrapper.cfbundle; includeInIndex = 0; path = BlendingCameraTests.octest; sourceTree = BUILT_PRODUCTS_DIR; };
		9A8E2F561605E25400391C57 /* SenTestingKit.framework */ = {isa = PBXFileReference; lastKnownFileType = wrapper.framework; name = SenTestingKit.framework; path = Library/Frameworks/SenTestingKit.framework; sourceTree = DEVELOPER_DIR; };
		9A8E2F5E1605E25400391C57 /* BlendingCameraTests-Info.plist */ = {isa = PBXFileReference; lastKnownFileType = text.plist.xml; path = "BlendingCameraTests-Info.plist"; sourceTree = "<group>"; };
		9A8E2F601605E25400391C57 /* en */ = {isa = PBXFileReference; lastKnownFileType = text.plist.strings; name = en; path = en.lproj/InfoPlist.strings; sourceTree = "<group>"; };
		9A8E2F621605E25400391C57 /* BlendingCameraTests.h */ = {isa = PBXFileReference; lastKnownFileType = sourcecode.c.h; path = BlendingCameraTests.h; sourceTree = "<group>"; };
		9A8E2F631605E25400391C57 /* BlendingCameraTests.m */ = {isa = PBXFileReference; lastKnownFileType = sourcecode.c.objc; path = BlendingCameraTests.m; sourceTree = "<group>"; };
		9A8E2F6D1605E9B200391C57 /* opencv2.framework */ = {isa = PBXFileReference; lastKnownFileType = wrapper.framework; name = opencv2.framework; path = ios/opencv2.framework; sourceTree = "<group>"; };
		9A8E2F77160620F700391C57 /* BCImageConverter.h */ = {isa = PBXFileReference; fileEncoding = 4; lastKnownFileType = sourcecode.c.h; path = BCImageConverter.h; sourceTree = "<group>"; };
		9A8E2F78160620F700391C57 /* BCImageConverter.m */ = {isa = PBXFileReference; fileEncoding = 4; lastKnownFileType = sourcecode.c.objc; path = BCImageConverter.m; sourceTree = "<group>"; };
/* End PBXFileReference section */

/* Begin PBXFrameworksBuildPhase section */
		9A8E2F311605E25400391C57 /* Frameworks */ = {
			isa = PBXFrameworksBuildPhase;
			buildActionMask = 2147483647;
			files = (
				096969D416072D1500DEB522 /* QuartzCore.framework in Frameworks */,
				096969D216072D0D00DEB522 /* CoreVideo.framework in Frameworks */,
				096969D016072D0300DEB522 /* CoreMedia.framework in Frameworks */,
				096969CE16072CFB00DEB522 /* CoreImage.framework in Frameworks */,
				096969CC16072CF000DEB522 /* AVFoundation.framework in Frameworks */,
				096969CA16072CE900DEB522 /* AssetsLibrary.framework in Frameworks */,
				096969C816072CE100DEB522 /* Accelerate.framework in Frameworks */,
				9A8E2F391605E25400391C57 /* UIKit.framework in Frameworks */,
				9A8E2F3B1605E25400391C57 /* Foundation.framework in Frameworks */,
				9A8E2F3D1605E25400391C57 /* CoreGraphics.framework in Frameworks */,
				9A8E2F6E1605E9B200391C57 /* opencv2.framework in Frameworks */,
			);
			runOnlyForDeploymentPostprocessing = 0;
		};
		9A8E2F511605E25400391C57 /* Frameworks */ = {
			isa = PBXFrameworksBuildPhase;
			buildActionMask = 2147483647;
			files = (
				9A8E2F571605E25400391C57 /* SenTestingKit.framework in Frameworks */,
				9A8E2F581605E25400391C57 /* UIKit.framework in Frameworks */,
				9A8E2F591605E25400391C57 /* Foundation.framework in Frameworks */,
			);
			runOnlyForDeploymentPostprocessing = 0;
		};
/* End PBXFrameworksBuildPhase section */

/* Begin PBXGroup section */
		092435FB160939A30024F731 /* Resources - Images */ = {
			isa = PBXGroup;
			children = (
				0924366B160C226B0024F731 /* red-arrow.png */,
				092435FC160939E10024F731 /* vinci_mask.png */,
				092435FD160939E10024F731 /* vinci_src.png */,
				092435FE160939E10024F731 /* vinci_target.png */,
			);
			name = "Resources - Images";
			sourceTree = "<group>";
		};
		09243659160BEE900024F731 /* Caputre */ = {
			isa = PBXGroup;
			children = (
				09243654160B73440024F731 /* BCCaptureViewController.h */,
				09243655160B73450024F731 /* BCCaptureViewController.m */,
				09243656160B73460024F731 /* BCCaptureViewController.xib */,
			);
			name = Caputre;
			sourceTree = "<group>";
		};
		0924365A160BEEA30024F731 /* Not in use */ = {
			isa = PBXGroup;
			children = (
				9A8E2F4A1605E25400391C57 /* BCViewController.h */,
				9A8E2F4B1605E25400391C57 /* BCViewController.m */,
				9A8E2F4D1605E25400391C57 /* BCViewController.xib */,
				096969C21607298D00DEB522 /* BCRealTimeProcessingViewController.h */,
				096969C31607298D00DEB522 /* BCRealTimeProcessingViewController.mm */,
				096969C41607298D00DEB522 /* BCRealTimeProcessingViewController.xib */,
			);
			name = "Not in use";
			sourceTree = "<group>";
		};
		0924365B160BEEBE0024F731 /* Confirm */ = {
			isa = PBXGroup;
			children = (
				0924365C160BEEE70024F731 /* BCConfirmViewController.h */,
				0924365D160BEEE70024F731 /* BCConfirmViewController.m */,
				0924365E160BEEE70024F731 /* BCConfirmViewController.xib */,
			);
			name = Confirm;
			sourceTree = "<group>";
		};
		09243665160C16010024F731 /* ImageSelection */ = {
			isa = PBXGroup;
			children = (
				09243666160C162D0024F731 /* BCImageSelectionViewController.h */,
				09243667160C162D0024F731 /* BCImageSelectionViewController.m */,
				09243668160C162D0024F731 /* BCImageSelectionViewController.xib */,
			);
			name = ImageSelection;
			sourceTree = "<group>";
		};
		09243672160C31A40024F731 /* PartsPicker */ = {
			isa = PBXGroup;
			children = (
				0924366D160C319D0024F731 /* BCPartsPickerController.h */,
				0924366E160C319D0024F731 /* BCPartsPickerController.m */,
				0924366F160C319D0024F731 /* BCPartsPickerController.xib */,
				09243673160C37680024F731 /* BCPathView.h */,
				09243674160C37680024F731 /* BCPathView.m */,
			);
			name = PartsPicker;
			sourceTree = "<group>";
		};
		9A8E2F291605E25400391C57 = {
			isa = PBXGroup;
			children = (
				9A8E2F3E1605E25400391C57 /* BlendingCamera */,
				092435FB160939A30024F731 /* Resources - Images */,
				9A8E2F6D1605E9B200391C57 /* opencv2.framework */,
				9A8E2F5C1605E25400391C57 /* BlendingCameraTests */,
				9A8E2F371605E25400391C57 /* Frameworks */,
				9A8E2F351605E25400391C57 /* Products */,
			);
			sourceTree = "<group>";
		};
		9A8E2F351605E25400391C57 /* Products */ = {
			isa = PBXGroup;
			children = (
				9A8E2F341605E25400391C57 /* BlendingCamera.app */,
				9A8E2F551605E25400391C57 /* BlendingCameraTests.octest */,
			);
			name = Products;
			sourceTree = "<group>";
		};
		9A8E2F371605E25400391C57 /* Frameworks */ = {
			isa = PBXGroup;
			children = (
				096969D316072D1500DEB522 /* QuartzCore.framework */,
				096969D116072D0D00DEB522 /* CoreVideo.framework */,
				096969CF16072D0300DEB522 /* CoreMedia.framework */,
				096969CD16072CFB00DEB522 /* CoreImage.framework */,
				096969CB16072CF000DEB522 /* AVFoundation.framework */,
				096969C916072CE900DEB522 /* AssetsLibrary.framework */,
				096969C716072CE100DEB522 /* Accelerate.framework */,
				9A8E2F381605E25400391C57 /* UIKit.framework */,
				9A8E2F3A1605E25400391C57 /* Foundation.framework */,
				9A8E2F3C1605E25400391C57 /* CoreGraphics.framework */,
				9A8E2F561605E25400391C57 /* SenTestingKit.framework */,
			);
			name = Frameworks;
			sourceTree = "<group>";
		};
		9A8E2F3E1605E25400391C57 /* BlendingCamera */ = {
			isa = PBXGroup;
			children = (
				9A8E2F471605E25400391C57 /* BCAppDelegate.h */,
				9A8E2F481605E25400391C57 /* BCAppDelegate.m */,
				9A8E2F761605EB4400391C57 /* ViewController */,
				9A8E2F751605EB3700391C57 /* ImageProcessings */,
				9A8E2F3F1605E25400391C57 /* Supporting Files */,
			);
			path = BlendingCamera;
			sourceTree = "<group>";
		};
		9A8E2F3F1605E25400391C57 /* Supporting Files */ = {
			isa = PBXGroup;
			children = (
				9A8E2F401605E25400391C57 /* BlendingCamera-Info.plist */,
				9A8E2F411605E25400391C57 /* InfoPlist.strings */,
				9A8E2F441605E25400391C57 /* main.m */,
				9A8E2F461605E25400391C57 /* BlendingCamera-Prefix.pch */,
			);
			name = "Supporting Files";
			sourceTree = "<group>";
		};
		9A8E2F5C1605E25400391C57 /* BlendingCameraTests */ = {
			isa = PBXGroup;
			children = (
				9A8E2F621605E25400391C57 /* BlendingCameraTests.h */,
				9A8E2F631605E25400391C57 /* BlendingCameraTests.m */,
				9A8E2F5D1605E25400391C57 /* Supporting Files */,
			);
			path = BlendingCameraTests;
			sourceTree = "<group>";
		};
		9A8E2F5D1605E25400391C57 /* Supporting Files */ = {
			isa = PBXGroup;
			children = (
				9A8E2F5E1605E25400391C57 /* BlendingCameraTests-Info.plist */,
				9A8E2F5F1605E25400391C57 /* InfoPlist.strings */,
			);
			name = "Supporting Files";
			sourceTree = "<group>";
		};
		9A8E2F751605EB3700391C57 /* ImageProcessings */ = {
			isa = PBXGroup;
			children = (
				0924364F1609AD450024F731 /* Eigen */,
				9A8E2F77160620F700391C57 /* BCImageConverter.h */,
				9A8E2F78160620F700391C57 /* BCImageConverter.m */,
				0924360516093A260024F731 /* BCBlenderRapper.h */,
				0924360616093A260024F731 /* BCBlenderRapper.mm */,
				092436511609AF110024F731 /* Blender.cpp */,
				092436521609AF110024F731 /* Blender.h */,
			);
			name = ImageProcessings;
			sourceTree = "<group>";
		};
		9A8E2F761605EB4400391C57 /* ViewController */ = {
			isa = PBXGroup;
			children = (
				09243665160C16010024F731 /* ImageSelection */,
				09243672160C31A40024F731 /* PartsPicker */,
				09243659160BEE900024F731 /* Caputre */,
				0924365B160BEEBE0024F731 /* Confirm */,
				0924365A160BEEA30024F731 /* Not in use */,
			);
			name = ViewController;
			sourceTree = "<group>";
		};
/* End PBXGroup section */

/* Begin PBXNativeTarget section */
		9A8E2F331605E25400391C57 /* BlendingCamera */ = {
			isa = PBXNativeTarget;
			buildConfigurationList = 9A8E2F671605E25400391C57 /* Build configuration list for PBXNativeTarget "BlendingCamera" */;
			buildPhases = (
				9A8E2F301605E25400391C57 /* Sources */,
				9A8E2F311605E25400391C57 /* Frameworks */,
				9A8E2F321605E25400391C57 /* Resources */,
			);
			buildRules = (
			);
			dependencies = (
			);
			name = BlendingCamera;
			productName = BlendingCamera;
			productReference = 9A8E2F341605E25400391C57 /* BlendingCamera.app */;
			productType = "com.apple.product-type.application";
		};
		9A8E2F541605E25400391C57 /* BlendingCameraTests */ = {
			isa = PBXNativeTarget;
			buildConfigurationList = 9A8E2F6A1605E25400391C57 /* Build configuration list for PBXNativeTarget "BlendingCameraTests" */;
			buildPhases = (
				9A8E2F501605E25400391C57 /* Sources */,
				9A8E2F511605E25400391C57 /* Frameworks */,
				9A8E2F521605E25400391C57 /* Resources */,
				9A8E2F531605E25400391C57 /* ShellScript */,
			);
			buildRules = (
			);
			dependencies = (
				9A8E2F5B1605E25400391C57 /* PBXTargetDependency */,
			);
			name = BlendingCameraTests;
			productName = BlendingCameraTests;
			productReference = 9A8E2F551605E25400391C57 /* BlendingCameraTests.octest */;
			productType = "com.apple.product-type.bundle";
		};
/* End PBXNativeTarget section */

/* Begin PBXProject section */
		9A8E2F2B1605E25400391C57 /* Project object */ = {
			isa = PBXProject;
			attributes = {
				CLASSPREFIX = BC;
				LastUpgradeCheck = 0440;
				ORGANIZATIONNAME = "武田 祐一";
			};
			buildConfigurationList = 9A8E2F2E1605E25400391C57 /* Build configuration list for PBXProject "BlendingCamera" */;
			compatibilityVersion = "Xcode 3.2";
			developmentRegion = English;
			hasScannedForEncodings = 0;
			knownRegions = (
				en,
			);
			mainGroup = 9A8E2F291605E25400391C57;
			productRefGroup = 9A8E2F351605E25400391C57 /* Products */;
			projectDirPath = "";
			projectRoot = "";
			targets = (
				9A8E2F331605E25400391C57 /* BlendingCamera */,
				9A8E2F541605E25400391C57 /* BlendingCameraTests */,
			);
		};
/* End PBXProject section */

/* Begin PBXResourcesBuildPhase section */
		9A8E2F321605E25400391C57 /* Resources */ = {
			isa = PBXResourcesBuildPhase;
			buildActionMask = 2147483647;
			files = (
				9A8E2F431605E25400391C57 /* InfoPlist.strings in Resources */,
				9A8E2F4F1605E25400391C57 /* BCViewController.xib in Resources */,
				096969C61607298D00DEB522 /* BCRealTimeProcessingViewController.xib in Resources */,
				092435FF160939E10024F731 /* vinci_mask.png in Resources */,
				09243601160939E10024F731 /* vinci_src.png in Resources */,
				09243603160939E10024F731 /* vinci_target.png in Resources */,
				092436501609AD450024F731 /* Eigen in Resources */,
				09243658160B73470024F731 /* BCCaptureViewController.xib in Resources */,
				09243660160BEEE70024F731 /* BCConfirmViewController.xib in Resources */,
				0924366A160C162D0024F731 /* BCImageSelectionViewController.xib in Resources */,
				0924366C160C226B0024F731 /* red-arrow.png in Resources */,
				09243671160C319D0024F731 /* BCPartsPickerController.xib in Resources */,
			);
			runOnlyForDeploymentPostprocessing = 0;
		};
		9A8E2F521605E25400391C57 /* Resources */ = {
			isa = PBXResourcesBuildPhase;
			buildActionMask = 2147483647;
			files = (
				9A8E2F611605E25400391C57 /* InfoPlist.strings in Resources */,
				09243600160939E10024F731 /* vinci_mask.png in Resources */,
				09243602160939E10024F731 /* vinci_src.png in Resources */,
				09243604160939E10024F731 /* vinci_target.png in Resources */,
			);
			runOnlyForDeploymentPostprocessing = 0;
		};
/* End PBXResourcesBuildPhase section */

/* Begin PBXShellScriptBuildPhase section */
		9A8E2F531605E25400391C57 /* ShellScript */ = {
			isa = PBXShellScriptBuildPhase;
			buildActionMask = 2147483647;
			files = (
			);
			inputPaths = (
			);
			outputPaths = (
			);
			runOnlyForDeploymentPostprocessing = 0;
			shellPath = /bin/sh;
			shellScript = "# Run the unit tests in this test bundle.\n\"${SYSTEM_DEVELOPER_DIR}/Tools/RunUnitTests\"\n";
		};
/* End PBXShellScriptBuildPhase section */

/* Begin PBXSourcesBuildPhase section */
		9A8E2F301605E25400391C57 /* Sources */ = {
			isa = PBXSourcesBuildPhase;
			buildActionMask = 2147483647;
			files = (
				9A8E2F451605E25400391C57 /* main.m in Sources */,
				9A8E2F491605E25400391C57 /* BCAppDelegate.m in Sources */,
				9A8E2F4C1605E25400391C57 /* BCViewController.m in Sources */,
				9A8E2F79160620F700391C57 /* BCImageConverter.m in Sources */,
				096969C51607298D00DEB522 /* BCRealTimeProcessingViewController.mm in Sources */,
				0924360716093A260024F731 /* BCBlenderRapper.mm in Sources */,
				092436531609AF110024F731 /* Blender.cpp in Sources */,
				09243657160B73470024F731 /* BCCaptureViewController.m in Sources */,
				0924365F160BEEE70024F731 /* BCConfirmViewController.m in Sources */,
				09243669160C162D0024F731 /* BCImageSelectionViewController.m in Sources */,
				09243670160C319D0024F731 /* BCPartsPickerController.m in Sources */,
				09243675160C37680024F731 /* BCPathView.m in Sources */,
			);
			runOnlyForDeploymentPostprocessing = 0;
		};
		9A8E2F501605E25400391C57 /* Sources */ = {
			isa = PBXSourcesBuildPhase;
			buildActionMask = 2147483647;
			files = (
				9A8E2F641605E25400391C57 /* BlendingCameraTests.m in Sources */,
			);
			runOnlyForDeploymentPostprocessing = 0;
		};
/* End PBXSourcesBuildPhase section */

/* Begin PBXTargetDependency section */
		9A8E2F5B1605E25400391C57 /* PBXTargetDependency */ = {
			isa = PBXTargetDependency;
			target = 9A8E2F331605E25400391C57 /* BlendingCamera */;
			targetProxy = 9A8E2F5A1605E25400391C57 /* PBXContainerItemProxy */;
		};
/* End PBXTargetDependency section */

/* Begin PBXVariantGroup section */
		9A8E2F411605E25400391C57 /* InfoPlist.strings */ = {
			isa = PBXVariantGroup;
			children = (
				9A8E2F421605E25400391C57 /* en */,
			);
			name = InfoPlist.strings;
			sourceTree = "<group>";
		};
		9A8E2F4D1605E25400391C57 /* BCViewController.xib */ = {
			isa = PBXVariantGroup;
			children = (
				9A8E2F4E1605E25400391C57 /* en */,
			);
			name = BCViewController.xib;
			sourceTree = "<group>";
		};
		9A8E2F5F1605E25400391C57 /* InfoPlist.strings */ = {
			isa = PBXVariantGroup;
			children = (
				9A8E2F601605E25400391C57 /* en */,
			);
			name = InfoPlist.strings;
			sourceTree = "<group>";
		};
/* End PBXVariantGroup section */

/* Begin XCBuildConfiguration section */
		9A8E2F651605E25400391C57 /* Debug */ = {
			isa = XCBuildConfiguration;
			buildSettings = {
				ALWAYS_SEARCH_USER_PATHS = NO;
				ARCHS = "$(ARCHS_STANDARD_32_BIT)";
				CLANG_CXX_LANGUAGE_STANDARD = "gnu++0x";
				CLANG_CXX_LIBRARY = "compiler-default";
				CLANG_ENABLE_OBJC_ARC = YES;
				CLANG_WARN__DUPLICATE_METHOD_MATCH = YES;
				"CODE_SIGN_IDENTITY[sdk=iphoneos*]" = "iPhone Developer";
				COPY_PHASE_STRIP = NO;
				GCC_C_LANGUAGE_STANDARD = gnu99;
				GCC_DYNAMIC_NO_PIC = NO;
				GCC_INPUT_FILETYPE = sourcecode.cpp.objcpp;
				GCC_OPTIMIZATION_LEVEL = 0;
				GCC_PREPROCESSOR_DEFINITIONS = (
					"DEBUG=1",
					"$(inherited)",
				);
				GCC_SYMBOLS_PRIVATE_EXTERN = NO;
				GCC_VERSION = com.apple.compilers.llvm.clang.1_0;
				GCC_WARN_ABOUT_RETURN_TYPE = YES;
				GCC_WARN_UNINITIALIZED_AUTOS = YES;
				GCC_WARN_UNUSED_VARIABLE = YES;
				IPHONEOS_DEPLOYMENT_TARGET = 5.1;
				SDKROOT = iphoneos;
			};
			name = Debug;
		};
		9A8E2F661605E25400391C57 /* Release */ = {
			isa = XCBuildConfiguration;
			buildSettings = {
				ALWAYS_SEARCH_USER_PATHS = NO;
				ARCHS = "$(ARCHS_STANDARD_32_BIT)";
				CLANG_CXX_LANGUAGE_STANDARD = "gnu++0x";
				CLANG_CXX_LIBRARY = "compiler-default";
				CLANG_ENABLE_OBJC_ARC = YES;
				CLANG_WARN__DUPLICATE_METHOD_MATCH = YES;
				"CODE_SIGN_IDENTITY[sdk=iphoneos*]" = "iPhone Developer";
				COPY_PHASE_STRIP = YES;
				GCC_C_LANGUAGE_STANDARD = gnu99;
				GCC_INPUT_FILETYPE = sourcecode.cpp.objcpp;
				GCC_VERSION = com.apple.compilers.llvm.clang.1_0;
				GCC_WARN_ABOUT_RETURN_TYPE = YES;
				GCC_WARN_UNINITIALIZED_AUTOS = YES;
				GCC_WARN_UNUSED_VARIABLE = YES;
				IPHONEOS_DEPLOYMENT_TARGET = 5.1;
				OTHER_CFLAGS = "-DNS_BLOCK_ASSERTIONS=1";
				SDKROOT = iphoneos;
				VALIDATE_PRODUCT = YES;
			};
			name = Release;
		};
		9A8E2F681605E25400391C57 /* Debug */ = {
			isa = XCBuildConfiguration;
			buildSettings = {
				FRAMEWORK_SEARCH_PATHS = (
					"$(inherited)",
					"\"$(SRCROOT)/ios\"",
				);
				GCC_INPUT_FILETYPE = sourcecode.cpp.objcpp;
				GCC_PRECOMPILE_PREFIX_HEADER = YES;
				GCC_PREFIX_HEADER = "BlendingCamera/BlendingCamera-Prefix.pch";
				INFOPLIST_FILE = "BlendingCamera/BlendingCamera-Info.plist";
				IPHONEOS_DEPLOYMENT_TARGET = 5.1;
				PRODUCT_NAME = "$(TARGET_NAME)";
				WRAPPER_EXTENSION = app;
			};
			name = Debug;
		};
		9A8E2F691605E25400391C57 /* Release */ = {
			isa = XCBuildConfiguration;
			buildSettings = {
				FRAMEWORK_SEARCH_PATHS = (
					"$(inherited)",
					"\"$(SRCROOT)/ios\"",
				);
				GCC_INPUT_FILETYPE = sourcecode.cpp.objcpp;
				GCC_PRECOMPILE_PREFIX_HEADER = YES;
				GCC_PREFIX_HEADER = "BlendingCamera/BlendingCamera-Prefix.pch";
				INFOPLIST_FILE = "BlendingCamera/BlendingCamera-Info.plist";
				IPHONEOS_DEPLOYMENT_TARGET = 5.1;
				PRODUCT_NAME = "$(TARGET_NAME)";
				WRAPPER_EXTENSION = app;
			};
			name = Release;
		};
		9A8E2F6B1605E25400391C57 /* Debug */ = {
			isa = XCBuildConfiguration;
			buildSettings = {
				BUNDLE_LOADER = "$(BUILT_PRODUCTS_DIR)/BlendingCamera.app/BlendingCamera";
				FRAMEWORK_SEARCH_PATHS = (
					"\"$(SDKROOT)/Developer/Library/Frameworks\"",
					"\"$(DEVELOPER_LIBRARY_DIR)/Frameworks\"",
				);
				GCC_PRECOMPILE_PREFIX_HEADER = YES;
				GCC_PREFIX_HEADER = "BlendingCamera/BlendingCamera-Prefix.pch";
				INFOPLIST_FILE = "BlendingCameraTests/BlendingCameraTests-Info.plist";
				PRODUCT_NAME = "$(TARGET_NAME)";
				TEST_HOST = "$(BUNDLE_LOADER)";
				WRAPPER_EXTENSION = octest;
			};
			name = Debug;
		};
		9A8E2F6C1605E25400391C57 /* Release */ = {
			isa = XCBuildConfiguration;
			buildSettings = {
				BUNDLE_LOADER = "$(BUILT_PRODUCTS_DIR)/BlendingCamera.app/BlendingCamera";
				FRAMEWORK_SEARCH_PATHS = (
					"\"$(SDKROOT)/Developer/Library/Frameworks\"",
					"\"$(DEVELOPER_LIBRARY_DIR)/Frameworks\"",
				);
				GCC_PRECOMPILE_PREFIX_HEADER = YES;
				GCC_PREFIX_HEADER = "BlendingCamera/BlendingCamera-Prefix.pch";
				INFOPLIST_FILE = "BlendingCameraTests/BlendingCameraTests-Info.plist";
				PRODUCT_NAME = "$(TARGET_NAME)";
				TEST_HOST = "$(BUNDLE_LOADER)";
				WRAPPER_EXTENSION = octest;
			};
			name = Release;
		};
/* End XCBuildConfiguration section */

/* Begin XCConfigurationList section */
		9A8E2F2E1605E25400391C57 /* Build configuration list for PBXProject "BlendingCamera" */ = {
			isa = XCConfigurationList;
			buildConfigurations = (
				9A8E2F651605E25400391C57 /* Debug */,
				9A8E2F661605E25400391C57 /* Release */,
			);
			defaultConfigurationIsVisible = 0;
			defaultConfigurationName = Release;
		};
		9A8E2F671605E25400391C57 /* Build configuration list for PBXNativeTarget "BlendingCamera" */ = {
			isa = XCConfigurationList;
			buildConfigurations = (
				9A8E2F681605E25400391C57 /* Debug */,
				9A8E2F691605E25400391C57 /* Release */,
			);
			defaultConfigurationIsVisible = 0;
			defaultConfigurationName = Release;
		};
		9A8E2F6A1605E25400391C57 /* Build configuration list for PBXNativeTarget "BlendingCameraTests" */ = {
			isa = XCConfigurationList;
			buildConfigurations = (
				9A8E2F6B1605E25400391C57 /* Debug */,
				9A8E2F6C1605E25400391C57 /* Release */,
			);
			defaultConfigurationIsVisible = 0;
			defaultConfigurationName = Release;
		};
/* End XCConfigurationList section */
	};
	rootObject = 9A8E2F2B1605E25400391C57 /* Project object */;
}
